
Microsoft Visual Studio Solution File, Format Version 12.00
# Visual Studio Version 17
VisualStudioVersion = 17.0.31717.71
MinimumVisualStudioVersion = 10.0.40219.1
Project("{9A19103F-16F7-4668-BE54-9A1E7A4F7556}") = "ClientPost", "ClientPost.csproj", "{69A0D272-6B18-4C0F-AB8F-E149FDE3FB67}"
EndProject
Global
	GlobalSection(SolutionConfigurationPlatforms) = preSolution
		Debug|Any CPU = Debug|Any CPU
		Release|Any CPU = Release|Any CPU
	EndGlobalSection
	GlobalSection(ProjectConfigurationPlatforms) = postSolution
		{69A0D272-6B18-4C0F-AB8F-E149FDE3FB67}.Debug|Any CPU.ActiveCfg = Debug|Any CPU
		{69A0D272-6B18-4C0F-AB8F-E149FDE3FB67}.Debug|Any CPU.Build.0 = Debug|Any CPU
		{69A0D272-6B18-4C0F-AB8F-E149FDE3FB67}.Release|Any CPU.ActiveCfg = Release|Any CPU
		{69A0D272-6B18-4C0F-AB8F-E149FDE3FB67}.Release|Any CPU.Build.0 = Release|Any CPU
	EndGlobalSection
	GlobalSection(SolutionProperties) = preSolution
		HideSolutionNode = FALSE
	EndGlobalSection
	GlobalSection(ExtensibilityGlobals) = postSolution
		SolutionGuid = {778242C2-C6F5-439C-9657-EC13EC07354D}
	EndGlobalSection
EndGlobal